
Microsoft Visual Studio Solution File, Format Version 12.00
# Visual Studio Version 17
VisualStudioVersion = 17.6.33815.320
MinimumVisualStudioVersion = 10.0.40219.1
Project("{FAE04EC0-301F-11D3-BF4B-00C04F79EFBC}") = "Api", "Api\Api.csproj", "{C3FD75AF-2258-4C00-A6E1-E1F11A85A220}"
EndProject
Project("{FAE04EC0-301F-11D3-BF4B-00C04F79EFBC}") = "Domain", "Domain\Domain.csproj", "{EE3CD83C-B250-49A5-B2C9-1D1BEA217036}"
EndProject
Project("{FAE04EC0-301F-11D3-BF4B-00C04F79EFBC}") = "Infra.Database", "Infra.Database\Infra.Database.csproj", "{D458F9DC-6616-4339-8EF3-3AF1287B8800}"
EndProject
Project("{FAE04EC0-301F-11D3-BF4B-00C04F79EFBC}") = "Application", "Application\Application.csproj", "{CBF79DA8-2012-4BA3-965A-C5C40B3CC0FD}"
EndProject
Global
	GlobalSection(SolutionConfigurationPlatforms) = preSolution
		Debug|Any CPU = Debug|Any CPU
		Release|Any CPU = Release|Any CPU
	EndGlobalSection
	GlobalSection(ProjectConfigurationPlatforms) = postSolution
		{C3FD75AF-2258-4C00-A6E1-E1F11A85A220}.Debug|Any CPU.ActiveCfg = Debug|Any CPU
		{C3FD75AF-2258-4C00-A6E1-E1F11A85A220}.Debug|Any CPU.Build.0 = Debug|Any CPU
		{C3FD75AF-2258-4C00-A6E1-E1F11A85A220}.Release|Any CPU.ActiveCfg = Release|Any CPU
		{C3FD75AF-2258-4C00-A6E1-E1F11A85A220}.Release|Any CPU.Build.0 = Release|Any CPU
		{EE3CD83C-B250-49A5-B2C9-1D1BEA217036}.Debug|Any CPU.ActiveCfg = Debug|Any CPU
		{EE3CD83C-B250-49A5-B2C9-1D1BEA217036}.Debug|Any CPU.Build.0 = Debug|Any CPU
		{EE3CD83C-B250-49A5-B2C9-1D1BEA217036}.Release|Any CPU.ActiveCfg = Release|Any CPU
		{EE3CD83C-B250-49A5-B2C9-1D1BEA217036}.Release|Any CPU.Build.0 = Release|Any CPU
		{D458F9DC-6616-4339-8EF3-3AF1287B8800}.Debug|Any CPU.ActiveCfg = Debug|Any CPU
		{D458F9DC-6616-4339-8EF3-3AF1287B8800}.Debug|Any CPU.Build.0 = Debug|Any CPU
		{D458F9DC-6616-4339-8EF3-3AF1287B8800}.Release|Any CPU.ActiveCfg = Release|Any CPU
		{D458F9DC-6616-4339-8EF3-3AF1287B8800}.Release|Any CPU.Build.0 = Release|Any CPU
		{CBF79DA8-2012-4BA3-965A-C5C40B3CC0FD}.Debug|Any CPU.ActiveCfg = Debug|Any CPU
		{CBF79DA8-2012-4BA3-965A-C5C40B3CC0FD}.Debug|Any CPU.Build.0 = Debug|Any CPU
		{CBF79DA8-2012-4BA3-965A-C5C40B3CC0FD}.Release|Any CPU.ActiveCfg = Release|Any CPU
		{CBF79DA8-2012-4BA3-965A-C5C40B3CC0FD}.Release|Any CPU.Build.0 = Release|Any CPU
	EndGlobalSection
	GlobalSection(SolutionProperties) = preSolution
		HideSolutionNode = FALSE
	EndGlobalSection
	GlobalSection(ExtensibilityGlobals) = postSolution
		SolutionGuid = {89756B8E-8347-43B7-ABDD-8CF1EB6CC2E5}
	EndGlobalSection
EndGlobal
